
Microsoft Visual Studio Solution File, Format Version 12.00
# Visual Studio Version 17
VisualStudioVersion = 17.3.32922.545
MinimumVisualStudioVersion = 10.0.40219.1
Project("{FAE04EC0-301F-11D3-BF4B-00C04F79EFBC}") = "Trueffles_Quellenvalidierung", "Trueffles_Quellenvalidierung\Trueffles_Quellenvalidierung.csproj", "{44E0389A-3C6A-4F99-A61E-EDF1A7D9365B}"
EndProject
Global
	GlobalSection(SolutionConfigurationPlatforms) = preSolution
		Debug|Any CPU = Debug|Any CPU
		Release|Any CPU = Release|Any CPU
	EndGlobalSection
	GlobalSection(ProjectConfigurationPlatforms) = postSolution
		{44E0389A-3C6A-4F99-A61E-EDF1A7D9365B}.Debug|Any CPU.ActiveCfg = Debug|Any CPU
		{44E0389A-3C6A-4F99-A61E-EDF1A7D9365B}.Debug|Any CPU.Build.0 = Debug|Any CPU
		{44E0389A-3C6A-4F99-A61E-EDF1A7D9365B}.Release|Any CPU.ActiveCfg = Release|Any CPU
		{44E0389A-3C6A-4F99-A61E-EDF1A7D9365B}.Release|Any CPU.Build.0 = Release|Any CPU
	EndGlobalSection
	GlobalSection(SolutionProperties) = preSolution
		HideSolutionNode = FALSE
	EndGlobalSection
	GlobalSection(ExtensibilityGlobals) = postSolution
		SolutionGuid = {E99DF6D0-A12A-4C56-91EF-7127EA2352BE}
	EndGlobalSection
EndGlobal
